// !$*UTF8*$!
{
	archiveVersion = 1;
	classes = {
	};
	objectVersion = 52;
	objects = {

/* Begin PBXBuildFile section */
		0344B4E41C9EFB02001DCDAB /* BitmapCanvas.swift in Sources */ = {isa = PBXBuildFile; fileRef = 0344B4E01C9EFB02001DCDAB /* BitmapCanvas.swift */; };
		0344B4E61C9EFB02001DCDAB /* X11Colors.swift in Sources */ = {isa = PBXBuildFile; fileRef = 0344B4E11C9EFB02001DCDAB /* X11Colors.swift */; };
		035D0FF21C9E1EA200BC89C8 /* main.swift in Sources */ = {isa = PBXBuildFile; fileRef = 035D0FF11C9E1EA200BC89C8 /* main.swift */; };
		03B7088A1CA5F08700F3B3A0 /* CanvasView.swift in Sources */ = {isa = PBXBuildFile; fileRef = 03B708891CA5F08700F3B3A0 /* CanvasView.swift */; };
		03B7088C1CA5F6D200F3B3A0 /* ShapefileBitmap.swift in Sources */ = {isa = PBXBuildFile; fileRef = 03B7088B1CA5F6D200F3B3A0 /* ShapefileBitmap.swift */; };
		03B708931CA73C2400F3B3A0 /* ShapefileView.swift in Sources */ = {isa = PBXBuildFile; fileRef = 03B708921CA73C2400F3B3A0 /* ShapefileView.swift */; };
		EC6857C72575E1C900BB033B /* ShapefileReader in Frameworks */ = {isa = PBXBuildFile; productRef = EC6857C62575E1C900BB033B /* ShapefileReader */; };
		EC6FD9B42110ED2200DACC6F /* rgb.txt in CopyFiles */ = {isa = PBXBuildFile; fileRef = EC6FD9B32110E37600DACC6F /* rgb.txt */; };
		EC6FD9B72110F2CB00DACC6F /* plz_p1.txt in CopyFiles */ = {isa = PBXBuildFile; fileRef = 03B708881CA5B1A000F3B3A0 /* plz_p1.txt */; };
		EC85E8CC25708CF600DA5E62 /* g1k15.dbf in CopyFiles */ = {isa = PBXBuildFile; fileRef = EC31260A2570822A00736AF2 /* g1k15.dbf */; };
		EC85E8CD25708CF600DA5E62 /* g1k15.shp in CopyFiles */ = {isa = PBXBuildFile; fileRef = EC31260B2570822A00736AF2 /* g1k15.shp */; };
		EC85E8CE25708CF600DA5E62 /* g1k15.shx in CopyFiles */ = {isa = PBXBuildFile; fileRef = EC3126092570822A00736AF2 /* g1k15.shx */; };
		EC85E8CF25708CF600DA5E62 /* g2g15.dbf in CopyFiles */ = {isa = PBXBuildFile; fileRef = EC3126062570822A00736AF2 /* g2g15.dbf */; };
		EC85E8D025708CF600DA5E62 /* g2g15.shp in CopyFiles */ = {isa = PBXBuildFile; fileRef = EC3126072570822A00736AF2 /* g2g15.shp */; };
		EC85E8D125708CF600DA5E62 /* g2g15.shx in CopyFiles */ = {isa = PBXBuildFile; fileRef = EC3126082570822A00736AF2 /* g2g15.shx */; };
/* End PBXBuildFile section */

/* Begin PBXCopyFilesBuildPhase section */
		035D0FEC1C9E1EA200BC89C8 /* CopyFiles */ = {
			isa = PBXCopyFilesBuildPhase;
			buildActionMask = 12;
			dstPath = "";
			dstSubfolderSpec = 7;
			files = (
				EC85E8CC25708CF600DA5E62 /* g1k15.dbf in CopyFiles */,
				EC85E8CD25708CF600DA5E62 /* g1k15.shp in CopyFiles */,
				EC85E8CE25708CF600DA5E62 /* g1k15.shx in CopyFiles */,
				EC85E8CF25708CF600DA5E62 /* g2g15.dbf in CopyFiles */,
				EC85E8D025708CF600DA5E62 /* g2g15.shp in CopyFiles */,
				EC85E8D125708CF600DA5E62 /* g2g15.shx in CopyFiles */,
				EC6FD9B72110F2CB00DACC6F /* plz_p1.txt in CopyFiles */,
				EC6FD9B42110ED2200DACC6F /* rgb.txt in CopyFiles */,
			);
			runOnlyForDeploymentPostprocessing = 0;
		};
/* End PBXCopyFilesBuildPhase section */

/* Begin PBXFileReference section */
		032E45ED1CA3E12A006C4622 /* Conditions_d'exploitation-Copyright_OFS_GEOSTAT.pdf */ = {isa = PBXFileReference; lastKnownFileType = image.pdf; path = "Conditions_d'exploitation-Copyright_OFS_GEOSTAT.pdf"; sourceTree = "<group>"; };
		0344B4E01C9EFB02001DCDAB /* BitmapCanvas.swift */ = {isa = PBXFileReference; fileEncoding = 4; lastKnownFileType = sourcecode.swift; path = BitmapCanvas.swift; sourceTree = "<group>"; };
		0344B4E11C9EFB02001DCDAB /* X11Colors.swift */ = {isa = PBXFileReference; fileEncoding = 4; lastKnownFileType = sourcecode.swift; path = X11Colors.swift; sourceTree = "<group>"; };
		035D0FEE1C9E1EA200BC89C8 /* Shapefile */ = {isa = PBXFileReference; explicitFileType = "compiled.mach-o.executable"; includeInIndex = 0; path = Shapefile; sourceTree = BUILT_PRODUCTS_DIR; };
		035D0FF11C9E1EA200BC89C8 /* main.swift */ = {isa = PBXFileReference; lastKnownFileType = sourcecode.swift; path = main.swift; sourceTree = "<group>"; };
		03B708871CA5AEE700F3B3A0 /* data_sources.txt */ = {isa = PBXFileReference; lastKnownFileType = text; path = data_sources.txt; sourceTree = "<group>"; };
		03B708881CA5B1A000F3B3A0 /* plz_p1.txt */ = {isa = PBXFileReference; lastKnownFileType = text; path = plz_p1.txt; sourceTree = "<group>"; };
		03B708891CA5F08700F3B3A0 /* CanvasView.swift */ = {isa = PBXFileReference; fileEncoding = 4; lastKnownFileType = sourcecode.swift; path = CanvasView.swift; sourceTree = "<group>"; };
		03B7088B1CA5F6D200F3B3A0 /* ShapefileBitmap.swift */ = {isa = PBXFileReference; fileEncoding = 4; lastKnownFileType = sourcecode.swift; path = ShapefileBitmap.swift; sourceTree = "<group>"; };
		03B708921CA73C2400F3B3A0 /* ShapefileView.swift */ = {isa = PBXFileReference; fileEncoding = 4; lastKnownFileType = sourcecode.swift; path = ShapefileView.swift; sourceTree = "<group>"; };
		EC3126062570822A00736AF2 /* g2g15.dbf */ = {isa = PBXFileReference; lastKnownFileType = file; path = g2g15.dbf; sourceTree = "<group>"; };
		EC3126072570822A00736AF2 /* g2g15.shp */ = {isa = PBXFileReference; lastKnownFileType = file; path = g2g15.shp; sourceTree = "<group>"; };
		EC3126082570822A00736AF2 /* g2g15.shx */ = {isa = PBXFileReference; lastKnownFileType = file; path = g2g15.shx; sourceTree = "<group>"; };
		EC3126092570822A00736AF2 /* g1k15.shx */ = {isa = PBXFileReference; lastKnownFileType = file; path = g1k15.shx; sourceTree = "<group>"; };
		EC31260A2570822A00736AF2 /* g1k15.dbf */ = {isa = PBXFileReference; lastKnownFileType = file; path = g1k15.dbf; sourceTree = "<group>"; };
		EC31260B2570822A00736AF2 /* g1k15.shp */ = {isa = PBXFileReference; lastKnownFileType = file; path = g1k15.shp; sourceTree = "<group>"; };
		EC42D32B2125BEDC003CACFC /* 01-009_OpenGIS_Implementation_Specification_Coordinate_Transformation_Services_Revision_1.00.pdf */ = {isa = PBXFileReference; lastKnownFileType = image.pdf; path = "01-009_OpenGIS_Implementation_Specification_Coordinate_Transformation_Services_Revision_1.00.pdf"; sourceTree = "<group>"; };
		EC5096B12148250F00A65DFB /* refsys_e.pdf */ = {isa = PBXFileReference; lastKnownFileType = image.pdf; path = refsys_e.pdf; sourceTree = "<group>"; };
		EC6FD9B32110E37600DACC6F /* rgb.txt */ = {isa = PBXFileReference; fileEncoding = 4; lastKnownFileType = text; path = rgb.txt; sourceTree = "<group>"; };
		ECB546CC2575BD3E00F8A4B8 /* .. */ = {isa = PBXFileReference; lastKnownFileType = folder; path = ..; sourceTree = "<group>"; };
/* End PBXFileReference section */

/* Begin PBXFrameworksBuildPhase section */
		035D0FEB1C9E1EA200BC89C8 /* Frameworks */ = {
			isa = PBXFrameworksBuildPhase;
			buildActionMask = 2147483647;
			files = (
				EC6857C72575E1C900BB033B /* ShapefileReader in Frameworks */,
			);
			runOnlyForDeploymentPostprocessing = 0;
		};
/* End PBXFrameworksBuildPhase section */

/* Begin PBXGroup section */
		0344B4DE1C9EFB02001DCDAB /* vendor */ = {
			isa = PBXGroup;
			children = (
				0344B4E01C9EFB02001DCDAB /* BitmapCanvas.swift */,
				0344B4E11C9EFB02001DCDAB /* X11Colors.swift */,
			);
			path = vendor;
			sourceTree = "<group>";
		};
		0344B4E81C9EFB28001DCDAB /* data */ = {
			isa = PBXGroup;
			children = (
				EC31260A2570822A00736AF2 /* g1k15.dbf */,
				EC31260B2570822A00736AF2 /* g1k15.shp */,
				EC3126092570822A00736AF2 /* g1k15.shx */,
				EC3126062570822A00736AF2 /* g2g15.dbf */,
				EC3126072570822A00736AF2 /* g2g15.shp */,
				EC3126082570822A00736AF2 /* g2g15.shx */,
				EC6FD9B32110E37600DACC6F /* rgb.txt */,
				03B708881CA5B1A000F3B3A0 /* plz_p1.txt */,
			);
			path = data;
			sourceTree = "<group>";
		};
		035D0FE51C9E1EA200BC89C8 = {
			isa = PBXGroup;
			children = (
				ECB546CC2575BD3E00F8A4B8 /* .. */,
				EC59FD302576EB4C00870E5E /* references */,
				0344B4E81C9EFB28001DCDAB /* data */,
				0344B4DE1C9EFB02001DCDAB /* vendor */,
				03B708911CA60CF800F3B3A0 /* viewers */,
				035D0FF11C9E1EA200BC89C8 /* main.swift */,
				035D0FEF1C9E1EA200BC89C8 /* Products */,
				EC6857C52575E1C900BB033B /* Frameworks */,
			);
			sourceTree = "<group>";
		};
		035D0FEF1C9E1EA200BC89C8 /* Products */ = {
			isa = PBXGroup;
			children = (
				035D0FEE1C9E1EA200BC89C8 /* Shapefile */,
			);
			name = Products;
			sourceTree = "<group>";
		};
		03B708911CA60CF800F3B3A0 /* viewers */ = {
			isa = PBXGroup;
			children = (
				03B7088B1CA5F6D200F3B3A0 /* ShapefileBitmap.swift */,
				03B708891CA5F08700F3B3A0 /* CanvasView.swift */,
				03B708921CA73C2400F3B3A0 /* ShapefileView.swift */,
			);
			path = viewers;
			sourceTree = "<group>";
		};
		EC59FD302576EB4C00870E5E /* references */ = {
			isa = PBXGroup;
			children = (
				03B708871CA5AEE700F3B3A0 /* data_sources.txt */,
				032E45ED1CA3E12A006C4622 /* Conditions_d'exploitation-Copyright_OFS_GEOSTAT.pdf */,
				EC42D32B2125BEDC003CACFC /* 01-009_OpenGIS_Implementation_Specification_Coordinate_Transformation_Services_Revision_1.00.pdf */,
				EC5096B12148250F00A65DFB /* refsys_e.pdf */,
			);
			path = references;
			sourceTree = "<group>";
		};
		EC6857C52575E1C900BB033B /* Frameworks */ = {
			isa = PBXGroup;
			children = (
			);
			name = Frameworks;
			sourceTree = "<group>";
		};
/* End PBXGroup section */

/* Begin PBXNativeTarget section */
		035D0FED1C9E1EA200BC89C8 /* Shapefile */ = {
			isa = PBXNativeTarget;
			buildConfigurationList = 035D0FF51C9E1EA200BC89C8 /* Build configuration list for PBXNativeTarget "Shapefile" */;
			buildPhases = (
				035D0FEA1C9E1EA200BC89C8 /* Sources */,
				035D0FEB1C9E1EA200BC89C8 /* Frameworks */,
				035D0FEC1C9E1EA200BC89C8 /* CopyFiles */,
			);
			buildRules = (
			);
			dependencies = (
			);
			name = Shapefile;
			packageProductDependencies = (
				EC6857C62575E1C900BB033B /* ShapefileReader */,
			);
			productName = Shapefile;
			productReference = 035D0FEE1C9E1EA200BC89C8 /* Shapefile */;
			productType = "com.apple.product-type.tool";
		};
/* End PBXNativeTarget section */

/* Begin PBXProject section */
		035D0FE61C9E1EA200BC89C8 /* Project object */ = {
			isa = PBXProject;
			attributes = {
				LastSwiftUpdateCheck = 0720;
				LastUpgradeCheck = 1220;
				ORGANIZATIONNAME = "Nicolas Seriot";
				TargetAttributes = {
					035D0FED1C9E1EA200BC89C8 = {
						CreatedOnToolsVersion = 7.2.1;
						LastSwiftMigration = 1220;
					};
				};
			};
			buildConfigurationList = 035D0FE91C9E1EA200BC89C8 /* Build configuration list for PBXProject "Shapefile" */;
			compatibilityVersion = "Xcode 3.2";
			developmentRegion = en;
			hasScannedForEncodings = 0;
			knownRegions = (
				en,
				Base,
			);
			mainGroup = 035D0FE51C9E1EA200BC89C8;
			productRefGroup = 035D0FEF1C9E1EA200BC89C8 /* Products */;
			projectDirPath = "";
			projectRoot = "";
			targets = (
				035D0FED1C9E1EA200BC89C8 /* Shapefile */,
			);
		};
/* End PBXProject section */

/* Begin PBXSourcesBuildPhase section */
		035D0FEA1C9E1EA200BC89C8 /* Sources */ = {
			isa = PBXSourcesBuildPhase;
			buildActionMask = 2147483647;
			files = (
				03B708931CA73C2400F3B3A0 /* ShapefileView.swift in Sources */,
				0344B4E61C9EFB02001DCDAB /* X11Colors.swift in Sources */,
				0344B4E41C9EFB02001DCDAB /* BitmapCanvas.swift in Sources */,
				03B7088A1CA5F08700F3B3A0 /* CanvasView.swift in Sources */,
				03B7088C1CA5F6D200F3B3A0 /* ShapefileBitmap.swift in Sources */,
				035D0FF21C9E1EA200BC89C8 /* main.swift in Sources */,
			);
			runOnlyForDeploymentPostprocessing = 0;
		};
/* End PBXSourcesBuildPhase section */

/* Begin XCBuildConfiguration section */
		035D0FF31C9E1EA200BC89C8 /* Debug */ = {
			isa = XCBuildConfiguration;
			buildSettings = {
				ALWAYS_SEARCH_USER_PATHS = NO;
				CLANG_CXX_LANGUAGE_STANDARD = "gnu++0x";
				CLANG_CXX_LIBRARY = "libc++";
				CLANG_ENABLE_MODULES = YES;
				CLANG_ENABLE_OBJC_ARC = YES;
				CLANG_WARN_BLOCK_CAPTURE_AUTORELEASING = YES;
				CLANG_WARN_BOOL_CONVERSION = YES;
				CLANG_WARN_COMMA = YES;
				CLANG_WARN_CONSTANT_CONVERSION = YES;
				CLANG_WARN_DEPRECATED_OBJC_IMPLEMENTATIONS = YES;
				CLANG_WARN_DIRECT_OBJC_ISA_USAGE = YES_ERROR;
				CLANG_WARN_EMPTY_BODY = YES;
				CLANG_WARN_ENUM_CONVERSION = YES;
				CLANG_WARN_INFINITE_RECURSION = YES;
				CLANG_WARN_INT_CONVERSION = YES;
				CLANG_WARN_NON_LITERAL_NULL_CONVERSION = YES;
				CLANG_WARN_OBJC_IMPLICIT_RETAIN_SELF = YES;
				CLANG_WARN_OBJC_LITERAL_CONVERSION = YES;
				CLANG_WARN_OBJC_ROOT_CLASS = YES_ERROR;
				CLANG_WARN_QUOTED_INCLUDE_IN_FRAMEWORK_HEADER = YES;
				CLANG_WARN_RANGE_LOOP_ANALYSIS = YES;
				CLANG_WARN_STRICT_PROTOTYPES = YES;
				CLANG_WARN_SUSPICIOUS_MOVE = YES;
				CLANG_WARN_UNREACHABLE_CODE = YES;
				CLANG_WARN__DUPLICATE_METHOD_MATCH = YES;
				CODE_SIGN_IDENTITY = "-";
				COPY_PHASE_STRIP = NO;
				DEBUG_INFORMATION_FORMAT = dwarf;
				ENABLE_STRICT_OBJC_MSGSEND = YES;
				ENABLE_TESTABILITY = YES;
				GCC_C_LANGUAGE_STANDARD = gnu99;
				GCC_DYNAMIC_NO_PIC = NO;
				GCC_NO_COMMON_BLOCKS = YES;
				GCC_OPTIMIZATION_LEVEL = 0;
				GCC_PREPROCESSOR_DEFINITIONS = (
					"DEBUG=1",
					"$(inherited)",
				);
				GCC_WARN_64_TO_32_BIT_CONVERSION = YES;
				GCC_WARN_ABOUT_RETURN_TYPE = YES_ERROR;
				GCC_WARN_UNDECLARED_SELECTOR = YES;
				GCC_WARN_UNINITIALIZED_AUTOS = YES_AGGRESSIVE;
				GCC_WARN_UNUSED_FUNCTION = YES;
				GCC_WARN_UNUSED_VARIABLE = YES;
				MACOSX_DEPLOYMENT_TARGET = 10.12;
				MTL_ENABLE_DEBUG_INFO = YES;
				ONLY_ACTIVE_ARCH = YES;
				SDKROOT = macosx;
				SWIFT_OPTIMIZATION_LEVEL = "-Onone";
			};
			name = Debug;
		};
		035D0FF41C9E1EA200BC89C8 /* Release */ = {
			isa = XCBuildConfiguration;
			buildSettings = {
				ALWAYS_SEARCH_USER_PATHS = NO;
				CLANG_CXX_LANGUAGE_STANDARD = "gnu++0x";
				CLANG_CXX_LIBRARY = "libc++";
				CLANG_ENABLE_MODULES = YES;
				CLANG_ENABLE_OBJC_ARC = YES;
				CLANG_WARN_BLOCK_CAPTURE_AUTORELEASING = YES;
				CLANG_WARN_BOOL_CONVERSION = YES;
				CLANG_WARN_COMMA = YES;
				CLANG_WARN_CONSTANT_CONVERSION = YES;
				CLANG_WARN_DEPRECATED_OBJC_IMPLEMENTATIONS = YES;
				CLANG_WARN_DIRECT_OBJC_ISA_USAGE = YES_ERROR;
				CLANG_WARN_EMPTY_BODY = YES;
				CLANG_WARN_ENUM_CONVERSION = YES;
				CLANG_WARN_INFINITE_RECURSION = YES;
				CLANG_WARN_INT_CONVERSION = YES;
				CLANG_WARN_NON_LITERAL_NULL_CONVERSION = YES;
				CLANG_WARN_OBJC_IMPLICIT_RETAIN_SELF = YES;
				CLANG_WARN_OBJC_LITERAL_CONVERSION = YES;
				CLANG_WARN_OBJC_ROOT_CLASS = YES_ERROR;
				CLANG_WARN_QUOTED_INCLUDE_IN_FRAMEWORK_HEADER = YES;
				CLANG_WARN_RANGE_LOOP_ANALYSIS = YES;
				CLANG_WARN_STRICT_PROTOTYPES = YES;
				CLANG_WARN_SUSPICIOUS_MOVE = YES;
				CLANG_WARN_UNREACHABLE_CODE = YES;
				CLANG_WARN__DUPLICATE_METHOD_MATCH = YES;
				CODE_SIGN_IDENTITY = "-";
				COPY_PHASE_STRIP = NO;
				DEBUG_INFORMATION_FORMAT = "dwarf-with-dsym";
				ENABLE_NS_ASSERTIONS = NO;
				ENABLE_STRICT_OBJC_MSGSEND = YES;
				GCC_C_LANGUAGE_STANDARD = gnu99;
				GCC_NO_COMMON_BLOCKS = YES;
				GCC_WARN_64_TO_32_BIT_CONVERSION = YES;
				GCC_WARN_ABOUT_RETURN_TYPE = YES_ERROR;
				GCC_WARN_UNDECLARED_SELECTOR = YES;
				GCC_WARN_UNINITIALIZED_AUTOS = YES_AGGRESSIVE;
				GCC_WARN_UNUSED_FUNCTION = YES;
				GCC_WARN_UNUSED_VARIABLE = YES;
				MACOSX_DEPLOYMENT_TARGET = 10.12;
				MTL_ENABLE_DEBUG_INFO = NO;
				SDKROOT = macosx;
				SWIFT_COMPILATION_MODE = wholemodule;
			};
			name = Release;
		};
		035D0FF61C9E1EA200BC89C8 /* Debug */ = {
			isa = XCBuildConfiguration;
			buildSettings = {
				ALWAYS_EMBED_SWIFT_STANDARD_LIBRARIES = NO;
				CODE_SIGN_IDENTITY = "-";
				PRODUCT_NAME = "$(TARGET_NAME)";
				SWIFT_VERSION = 5.0;
			};
			name = Debug;
		};
		035D0FF71C9E1EA200BC89C8 /* Release */ = {
			isa = XCBuildConfiguration;
			buildSettings = {
				ALWAYS_EMBED_SWIFT_STANDARD_LIBRARIES = NO;
				CODE_SIGN_IDENTITY = "-";
				PRODUCT_NAME = "$(TARGET_NAME)";
				SWIFT_VERSION = 5.0;
			};
			name = Release;
		};
/* End XCBuildConfiguration section */

/* Begin XCConfigurationList section */
		035D0FE91C9E1EA200BC89C8 /* Build configuration list for PBXProject "Shapefile" */ = {
			isa = XCConfigurationList;
			buildConfigurations = (
				035D0FF31C9E1EA200BC89C8 /* Debug */,
				035D0FF41C9E1EA200BC89C8 /* Release */,
			);
			defaultConfigurationIsVisible = 0;
			defaultConfigurationName = Release;
		};
		035D0FF51C9E1EA200BC89C8 /* Build configuration list for PBXNativeTarget "Shapefile" */ = {
			isa = XCConfigurationList;
			buildConfigurations = (
				035D0FF61C9E1EA200BC89C8 /* Debug */,
				035D0FF71C9E1EA200BC89C8 /* Release */,
			);
			defaultConfigurationIsVisible = 0;
			defaultConfigurationName = Release;
		};
/* End XCConfigurationList section */

/* Begin XCSwiftPackageProductDependency section */
		EC6857C62575E1C900BB033B /* ShapefileReader */ = {
			isa = XCSwiftPackageProductDependency;
			productName = ShapefileReader;
		};
/* End XCSwiftPackageProductDependency section */
	};
	rootObject = 035D0FE61C9E1EA200BC89C8 /* Project object */;
}
