PODS:
  - ZIPFoundation (0.9.6)

DEPENDENCIES:
  - ZIPFoundation (~> 0.9)

SPEC REPOS:
  https://github.com/cocoapods/specs.git:
    - ZIPFoundation

SPEC CHECKSUMS:
  ZIPFoundation: 68c35eb2637c21abe56dc60b3277636443bc1501

PODFILE CHECKSUM: 123c9e018c6ec34a2e1074e2d5221ea95cb5f131

COCOAPODS: 1.5.3
